PODS:
  - FBSnapshotTestCase (2.1.4):
    - FBSnapshotTestCase/SwiftSupport (= 2.1.4)
  - FBSnapshotTestCase/Core (2.1.4)
  - FBSnapshotTestCase/SwiftSupport (2.1.4):
    - FBSnapshotTestCase/Core
  - SCHud (0.1.0)

DEPENDENCIES:
  - FBSnapshotTestCase
  - SCHud (from `../`)

EXTERNAL SOURCES:
  SCHud:
    :path: "../"

SPEC CHECKSUMS:
  FBSnapshotTestCase: '094f9f314decbabe373b87cc339bea235a63e07a'
  SCHud: fead8b72cc9ccf277e092aaeac76ad77289599b7

PODFILE CHECKSUM: 4b719cbdb03e531c839970b9a58773206fec5ff2

COCOAPODS: 1.2.1
