PODS:
  - FBSnapshotTestCase (2.1.4):
    - FBSnapshotTestCase/SwiftSupport (= 2.1.4)
  - FBSnapshotTestCase/Core (2.1.4)
  - FBSnapshotTestCase/SwiftSupport (2.1.4):
    - FBSnapshotTestCase/Core
  - SCHud (0.2.0)

DEPENDENCIES:
  - FBSnapshotTestCase
  - SCHud (from `../`)

EXTERNAL SOURCES:
  SCHud:
    :path: "../"

SPEC CHECKSUMS:
  FBSnapshotTestCase: '094f9f314decbabe373b87cc339bea235a63e07a'
  SCHud: 8f400327b5d3c2250e0031c83a4ab085bf0fbd09

PODFILE CHECKSUM: 4b719cbdb03e531c839970b9a58773206fec5ff2

COCOAPODS: 1.2.1
